
Microsoft Visual Studio Solution File, Format Version 12.00
# Visual Studio 15
VisualStudioVersion = 15.0.27130.2027
MinimumVisualStudioVersion = 10.0.40219.1
Project("{9A19103F-16F7-4668-BE54-9A1E7A4F7556}") = "Lab1A", "Lab1A\Lab1A.csproj", "{268E05E0-544D-4BBC-BA61-E8B83AEE4F4D}"
EndProject
Project("{9A19103F-16F7-4668-BE54-9A1E7A4F7556}") = "Lab1UnitTest", "Lab1UnitTest\Lab1UnitTest.csproj", "{09F5DC94-C438-48CE-A088-6D388AE0A0B4}"
EndProject
Project("{FAE04EC0-301F-11D3-BF4B-00C04F79EFBC}") = "Lab1B", "Lab1B\Lab1B.csproj", "{A873B8CD-1889-4C4D-9D6A-F77A565AAC01}"
EndProject
Global
	GlobalSection(SolutionConfigurationPlatforms) = preSolution
		Debug|Any CPU = Debug|Any CPU
		Release|Any CPU = Release|Any CPU
	EndGlobalSection
	GlobalSection(ProjectConfigurationPlatforms) = postSolution
		{268E05E0-544D-4BBC-BA61-E8B83AEE4F4D}.Debug|Any CPU.ActiveCfg = Debug|Any CPU
		{268E05E0-544D-4BBC-BA61-E8B83AEE4F4D}.Debug|Any CPU.Build.0 = Debug|Any CPU
		{268E05E0-544D-4BBC-BA61-E8B83AEE4F4D}.Release|Any CPU.ActiveCfg = Release|Any CPU
		{268E05E0-544D-4BBC-BA61-E8B83AEE4F4D}.Release|Any CPU.Build.0 = Release|Any CPU
		{09F5DC94-C438-48CE-A088-6D388AE0A0B4}.Debug|Any CPU.ActiveCfg = Debug|Any CPU
		{09F5DC94-C438-48CE-A088-6D388AE0A0B4}.Debug|Any CPU.Build.0 = Debug|Any CPU
		{09F5DC94-C438-48CE-A088-6D388AE0A0B4}.Release|Any CPU.ActiveCfg = Release|Any CPU
		{09F5DC94-C438-48CE-A088-6D388AE0A0B4}.Release|Any CPU.Build.0 = Release|Any CPU
		{A873B8CD-1889-4C4D-9D6A-F77A565AAC01}.Debug|Any CPU.ActiveCfg = Debug|Any CPU
		{A873B8CD-1889-4C4D-9D6A-F77A565AAC01}.Debug|Any CPU.Build.0 = Debug|Any CPU
		{A873B8CD-1889-4C4D-9D6A-F77A565AAC01}.Release|Any CPU.ActiveCfg = Release|Any CPU
		{A873B8CD-1889-4C4D-9D6A-F77A565AAC01}.Release|Any CPU.Build.0 = Release|Any CPU
	EndGlobalSection
	GlobalSection(SolutionProperties) = preSolution
		HideSolutionNode = FALSE
	EndGlobalSection
	GlobalSection(ExtensibilityGlobals) = postSolution
		SolutionGuid = {66B82C7D-53D6-4261-B0C9-88D120A42F54}
	EndGlobalSection
EndGlobal
